{
  "name": "miniprogram",
  "version": "1.0.0",
  "lockfileVersion": 1,
  "requires": true,
  "dependencies": {
    "@antv/adjust": {
      "version": "0.1.1",
      "resolved": "https://registry.npmjs.org/@antv/adjust/-/adjust-0.1.1.tgz",
      "integrity": "sha512-9FaMOyBlM4AgoRL0b5o0VhEKAYkexBNUrxV8XmpHU/9NBPJONBOB/NZUlQDqxtLItrt91tCfbAuMQmF529UX2Q==",
      "requires": {
        "@antv/util": "~1.3.1"
      },
      "dependencies": {
        "@antv/util": {
          "version": "1.3.1",
          "resolved": "https://registry.npmjs.org/@antv/util/-/util-1.3.1.tgz",
          "integrity": "sha512-cbUta0hIJrKEaW3eKoGarz3Ita+9qUPF2YzTj8A6wds/nNiy20G26ztIWHU+5ThLc13B1n5Ik52LbaCaeg9enA==",
          "requires": {
            "@antv/gl-matrix": "^2.7.1"
          }
        }
      }
    },
    "@antv/attr": {
      "version": "0.1.2",
      "resolved": "https://registry.npmjs.org/@antv/attr/-/attr-0.1.2.tgz",
      "integrity": "sha512-QXjP+T2I+pJQcwZx1oCA4tipG43vgeCeKcGGKahlcxb71OBAzjJZm1QbF4frKXcnOqRkxVXtCr70X9TRair3Ew==",
      "requires": {
        "@antv/util": "~1.3.1"
      },
      "dependencies": {
        "@antv/util": {
          "version": "1.3.1",
          "resolved": "https://registry.npmjs.org/@antv/util/-/util-1.3.1.tgz",
          "integrity": "sha512-cbUta0hIJrKEaW3eKoGarz3Ita+9qUPF2YzTj8A6wds/nNiy20G26ztIWHU+5ThLc13B1n5Ik52LbaCaeg9enA==",
          "requires": {
            "@antv/gl-matrix": "^2.7.1"
          }
        }
      }
    },
    "@antv/f2": {
      "version": "3.4.0",
      "resolved": "https://registry.npmjs.org/@antv/f2/-/f2-3.4.0.tgz",
      "integrity": "sha512-Q3UY6p2gubxzhgvU8yesSEf34l6BBrA2UUkgwI0l8P7jDYTUF+qNBFjVGDJyLUkrTHTtrm/LOu+fuolmJbE2lA==",
      "requires": {
        "@antv/adjust": "~0.1.1",
        "@antv/attr": "~0.1.0",
        "@antv/scale": "~0.1.2",
        "@antv/util": "~1.2.5",
        "hammerjs": "^2.0.8"
      }
    },
    "@antv/f2-canvas": {
      "version": "1.0.5",
      "resolved": "https://registry.npmjs.org/@antv/f2-canvas/-/f2-canvas-1.0.5.tgz",
      "integrity": "sha512-iE4u1kAcxGaluu1CA6F5R0/dfsCMhubEfOKvR6zRwGC9S9bCil0y6JNCsIkyPZGCQYkAtsg3WDlcu2yneyqUuw==",
      "requires": {
        "@antv/wx-f2": "^1.1.4"
      }
    },
    "@antv/gl-matrix": {
      "version": "2.7.1",
      "resolved": "https://registry.npmjs.org/@antv/gl-matrix/-/gl-matrix-2.7.1.tgz",
      "integrity": "sha512-oOWcVNlpELIKi9x+Mm1Vwbz8pXfkbJKykoCIOJ/dNK79hSIANbpXJ5d3Rra9/wZqK6MC961B7sybFhPlLraT3Q=="
    },
    "@antv/scale": {
      "version": "0.1.2",
      "resolved": "https://registry.npmjs.org/@antv/scale/-/scale-0.1.2.tgz",
      "integrity": "sha512-lAJJUDiQIgoBSnlJDlMjbuaO2K71/e85hNtsjuv22os6QPqJZE/Q56JXLAgT5L5vXo9d4DFnxzwOBjdonHJXoA==",
      "requires": {
        "@antv/util": "~1.3.1",
        "fecha": "~2.3.3"
      },
      "dependencies": {
        "@antv/util": {
          "version": "1.3.1",
          "resolved": "https://registry.npmjs.org/@antv/util/-/util-1.3.1.tgz",
          "integrity": "sha512-cbUta0hIJrKEaW3eKoGarz3Ita+9qUPF2YzTj8A6wds/nNiy20G26ztIWHU+5ThLc13B1n5Ik52LbaCaeg9enA==",
          "requires": {
            "@antv/gl-matrix": "^2.7.1"
          }
        }
      }
    },
    "@antv/util": {
      "version": "1.2.5",
      "resolved": "https://registry.npmjs.org/@antv/util/-/util-1.2.5.tgz",
      "integrity": "sha512-yz1AjXSEjNu9O5kK9pqKq69f/Iliu/IA3XXljUcfrlbUtmUJ0CH1tB5I60vPqfaKaUPhz+/35K+56yqaCsGmqA==",
      "requires": {
        "@antv/gl-matrix": "^2.7.1"
      }
    },
    "@antv/wx-f2": {
      "version": "1.1.4",
      "resolved": "https://registry.npmjs.org/@antv/wx-f2/-/wx-f2-1.1.4.tgz",
      "integrity": "sha512-XaMUwS16ONcpHIEK4yv6wOIxrwSqzhLx4di2kmumQI8xi5vZK1bslJCtjSaxbNS99febpZkZqgwgAmXOOrMYmA==",
      "requires": {
        "@antv/f2": "^3.3.3",
        "wolfy87-eventemitter": "^5.2.4"
      }
    },
    "fecha": {
      "version": "2.3.3",
      "resolved": "https://registry.npmjs.org/fecha/-/fecha-2.3.3.tgz",
      "integrity": "sha512-lUGBnIamTAwk4znq5BcqsDaxSmZ9nDVJaij6NvRt/Tg4R69gERA+otPKbS86ROw9nxVMw2/mp1fnaiWqbs6Sdg=="
    },
    "hammerjs": {
      "version": "2.0.8",
      "resolved": "https://registry.npmjs.org/hammerjs/-/hammerjs-2.0.8.tgz",
      "integrity": "sha1-BO93hiz/K7edMPdpIJWTAiK/YPE="
    },
    "wolfy87-eventemitter": {
      "version": "5.2.6",
      "resolved": "https://registry.npmjs.org/wolfy87-eventemitter/-/wolfy87-eventemitter-5.2.6.tgz",
      "integrity": "sha512-n+bSucT1j9ZEoosxnfuH81bWqtZG4QEtZ9WEuiXz9YQAHEktGYKoSoMTKWTJEcYux8lWoqp1KqHPBpwvJKFFTw=="
    }
  }
}
